// !$*UTF8*$!
{
	archiveVersion = 1;
	classes = {
	};
	objectVersion = 50;
	objects = {

/* Begin PBXBuildFile section */
		779CD127E92DE54B651E8AAE /* Pods_WakeUpOrRecord.framework in Frameworks */ = {isa = PBXBuildFile; fileRef = 35BD91D92C834F5908159FB0 /* Pods_WakeUpOrRecord.framework */; };
		8595FC4E2158183F00966E8A /* AppDelegate.swift in Sources */ = {isa = PBXBuildFile; fileRef = 8595FC4D2158183F00966E8A /* AppDelegate.swift */; };
		8595FC532158183F00966E8A /* Main.storyboard in Resources */ = {isa = PBXBuildFile; fileRef = 8595FC512158183F00966E8A /* Main.storyboard */; };
		8595FC562158183F00966E8A /* WakeUpOrRecord.xcdatamodeld in Sources */ = {isa = PBXBuildFile; fileRef = 8595FC542158183F00966E8A /* WakeUpOrRecord.xcdatamodeld */; };
		8595FC582158184100966E8A /* Assets.xcassets in Resources */ = {isa = PBXBuildFile; fileRef = 8595FC572158184100966E8A /* Assets.xcassets */; };
		8595FC5B2158184100966E8A /* LaunchScreen.storyboard in Resources */ = {isa = PBXBuildFile; fileRef = 8595FC592158184100966E8A /* LaunchScreen.storyboard */; };
		8595FC632158262E00966E8A /* cameraVC.swift in Sources */ = {isa = PBXBuildFile; fileRef = 8595FC622158262E00966E8A /* cameraVC.swift */; };
		8595FC6521583D4000966E8A /* logologo.png in Resources */ = {isa = PBXBuildFile; fileRef = 8595FC6421583D4000966E8A /* logologo.png */; };
		8595FC6721584C6400966E8A /* dog.mp3 in Resources */ = {isa = PBXBuildFile; fileRef = 8595FC6621584C6400966E8A /* dog.mp3 */; };
		8595FC6B2158D30200966E8A /* alarmSettingVC.swift in Sources */ = {isa = PBXBuildFile; fileRef = 8595FC6A2158D30200966E8A /* alarmSettingVC.swift */; };
		8595FC6D215AD57800966E8A /* watch.mp3 in Resources */ = {isa = PBXBuildFile; fileRef = 8595FC6C215AD57800966E8A /* watch.mp3 */; };
		8595FC71215B68FF00966E8A /* Localizable.strings in Resources */ = {isa = PBXBuildFile; fileRef = 8595FC73215B68FF00966E8A /* Localizable.strings */; };
		8595FC79215B79FF00966E8A /* back@3x.png in Resources */ = {isa = PBXBuildFile; fileRef = 8595FC76215B79FE00966E8A /* back@3x.png */; };
		8595FC7A215B79FF00966E8A /* back.png in Resources */ = {isa = PBXBuildFile; fileRef = 8595FC77215B79FE00966E8A /* back.png */; };
		8595FC7B215B79FF00966E8A /* back@2x.png in Resources */ = {isa = PBXBuildFile; fileRef = 8595FC78215B79FE00966E8A /* back@2x.png */; };
/* End PBXBuildFile section */

/* Begin PBXFileReference section */
		35BD91D92C834F5908159FB0 /* Pods_WakeUpOrRecord.framework */ = {isa = PBXFileReference; explicitFileType = wrapper.framework; includeInIndex = 0; path = Pods_WakeUpOrRecord.framework; sourceTree = BUILT_PRODUCTS_DIR; };
		8532F220215C410D00094498 /* WakeUpOrRecord-Bridging-Header.h */ = {isa = PBXFileReference; lastKnownFileType = sourcecode.c.h; path = "WakeUpOrRecord-Bridging-Header.h"; sourceTree = "<group>"; };
		8595FC4A2158183F00966E8A /* WakeUpOrRecord.app */ = {isa = PBXFileReference; explicitFileType = wrapper.application; includeInIndex = 0; path = WakeUpOrRecord.app; sourceTree = BUILT_PRODUCTS_DIR; };
		8595FC4D2158183F00966E8A /* AppDelegate.swift */ = {isa = PBXFileReference; lastKnownFileType = sourcecode.swift; path = AppDelegate.swift; sourceTree = "<group>"; };
		8595FC522158183F00966E8A /* Base */ = {isa = PBXFileReference; lastKnownFileType = file.storyboard; name = Base; path = Base.lproj/Main.storyboard; sourceTree = "<group>"; };
		8595FC552158183F00966E8A /* WakeUpOrRecord.xcdatamodel */ = {isa = PBXFileReference; lastKnownFileType = wrapper.xcdatamodel; path = WakeUpOrRecord.xcdatamodel; sourceTree = "<group>"; };
		8595FC572158184100966E8A /* Assets.xcassets */ = {isa = PBXFileReference; lastKnownFileType = folder.assetcatalog; path = Assets.xcassets; sourceTree = "<group>"; };
		8595FC5A2158184100966E8A /* Base */ = {isa = PBXFileReference; lastKnownFileType = file.storyboard; name = Base; path = Base.lproj/LaunchScreen.storyboard; sourceTree = "<group>"; };
		8595FC5C2158184100966E8A /* Info.plist */ = {isa = PBXFileReference; lastKnownFileType = text.plist.xml; path = Info.plist; sourceTree = "<group>"; };
		8595FC622158262E00966E8A /* cameraVC.swift */ = {isa = PBXFileReference; lastKnownFileType = sourcecode.swift; path = cameraVC.swift; sourceTree = "<group>"; };
		8595FC6421583D4000966E8A /* logologo.png */ = {isa = PBXFileReference; lastKnownFileType = image.png; path = logologo.png; sourceTree = "<group>"; };
		8595FC6621584C6400966E8A /* dog.mp3 */ = {isa = PBXFileReference; lastKnownFileType = audio.mp3; path = dog.mp3; sourceTree = "<group>"; };
		8595FC6A2158D30200966E8A /* alarmSettingVC.swift */ = {isa = PBXFileReference; lastKnownFileType = sourcecode.swift; path = alarmSettingVC.swift; sourceTree = "<group>"; };
		8595FC6C215AD57800966E8A /* watch.mp3 */ = {isa = PBXFileReference; lastKnownFileType = audio.mp3; path = watch.mp3; sourceTree = "<group>"; };
		8595FC72215B68FF00966E8A /* en */ = {isa = PBXFileReference; lastKnownFileType = text.plist.strings; name = en; path = en.lproj/Localizable.strings; sourceTree = "<group>"; };
		8595FC74215B693A00966E8A /* ja */ = {isa = PBXFileReference; lastKnownFileType = text.plist.strings; name = ja; path = ja.lproj/Localizable.strings; sourceTree = "<group>"; };
		8595FC76215B79FE00966E8A /* back@3x.png */ = {isa = PBXFileReference; lastKnownFileType = image.png; path = "back@3x.png"; sourceTree = "<group>"; };
		8595FC77215B79FE00966E8A /* back.png */ = {isa = PBXFileReference; lastKnownFileType = image.png; path = back.png; sourceTree = "<group>"; };
		8595FC78215B79FE00966E8A /* back@2x.png */ = {isa = PBXFileReference; lastKnownFileType = image.png; path = "back@2x.png"; sourceTree = "<group>"; };
		8952944B4A54F4A55DEBFE88 /* Pods-WakeUpOrRecord.debug.xcconfig */ = {isa = PBXFileReference; includeInIndex = 1; lastKnownFileType = text.xcconfig; name = "Pods-WakeUpOrRecord.debug.xcconfig"; path = "Pods/Target Support Files/Pods-WakeUpOrRecord/Pods-WakeUpOrRecord.debug.xcconfig"; sourceTree = "<group>"; };
		BD763AE8BBE96653A354B946 /* Pods-WakeUpOrRecord.release.xcconfig */ = {isa = PBXFileReference; includeInIndex = 1; lastKnownFileType = text.xcconfig; name = "Pods-WakeUpOrRecord.release.xcconfig"; path = "Pods/Target Support Files/Pods-WakeUpOrRecord/Pods-WakeUpOrRecord.release.xcconfig"; sourceTree = "<group>"; };
/* End PBXFileReference section */

/* Begin PBXFrameworksBuildPhase section */
		8595FC472158183F00966E8A /* Frameworks */ = {
			isa = PBXFrameworksBuildPhase;
			buildActionMask = 2147483647;
			files = (
				779CD127E92DE54B651E8AAE /* Pods_WakeUpOrRecord.framework in Frameworks */,
			);
			runOnlyForDeploymentPostprocessing = 0;
		};
/* End PBXFrameworksBuildPhase section */

/* Begin PBXGroup section */
		40EF8B4D7991F7402FA02936 /* Pods */ = {
			isa = PBXGroup;
			children = (
				8952944B4A54F4A55DEBFE88 /* Pods-WakeUpOrRecord.debug.xcconfig */,
				BD763AE8BBE96653A354B946 /* Pods-WakeUpOrRecord.release.xcconfig */,
			);
			name = Pods;
			sourceTree = "<group>";
		};
		8595FC412158183F00966E8A = {
			isa = PBXGroup;
			children = (
				8595FC4C2158183F00966E8A /* WakeUpOrRecord */,
				8595FC4B2158183F00966E8A /* Products */,
				40EF8B4D7991F7402FA02936 /* Pods */,
				EBB7AE047280FC4CFA7DD578 /* Frameworks */,
				8532F220215C410D00094498 /* WakeUpOrRecord-Bridging-Header.h */,
			);
			sourceTree = "<group>";
		};
		8595FC4B2158183F00966E8A /* Products */ = {
			isa = PBXGroup;
			children = (
				8595FC4A2158183F00966E8A /* WakeUpOrRecord.app */,
			);
			name = Products;
			sourceTree = "<group>";
		};
		8595FC4C2158183F00966E8A /* WakeUpOrRecord */ = {
			isa = PBXGroup;
			children = (
				8595FC75215B79E100966E8A /* button items */,
				8595FC6E215AD57D00966E8A /* sounds */,
				8595FC6421583D4000966E8A /* logologo.png */,
				8595FC4D2158183F00966E8A /* AppDelegate.swift */,
				8595FC512158183F00966E8A /* Main.storyboard */,
				8595FC572158184100966E8A /* Assets.xcassets */,
				8595FC592158184100966E8A /* LaunchScreen.storyboard */,
				8595FC5C2158184100966E8A /* Info.plist */,
				8595FC542158183F00966E8A /* WakeUpOrRecord.xcdatamodeld */,
				8595FC622158262E00966E8A /* cameraVC.swift */,
				8595FC6A2158D30200966E8A /* alarmSettingVC.swift */,
				8595FC73215B68FF00966E8A /* Localizable.strings */,
			);
			path = WakeUpOrRecord;
			sourceTree = "<group>";
		};
		8595FC6E215AD57D00966E8A /* sounds */ = {
			isa = PBXGroup;
			children = (
				8595FC6621584C6400966E8A /* dog.mp3 */,
				8595FC6C215AD57800966E8A /* watch.mp3 */,
			);
			path = sounds;
			sourceTree = "<group>";
		};
		8595FC75215B79E100966E8A /* button items */ = {
			isa = PBXGroup;
			children = (
				8595FC77215B79FE00966E8A /* back.png */,
				8595FC78215B79FE00966E8A /* back@2x.png */,
				8595FC76215B79FE00966E8A /* back@3x.png */,
			);
			path = "button items";
			sourceTree = "<group>";
		};
		EBB7AE047280FC4CFA7DD578 /* Frameworks */ = {
			isa = PBXGroup;
			children = (
				35BD91D92C834F5908159FB0 /* Pods_WakeUpOrRecord.framework */,
			);
			name = Frameworks;
			sourceTree = "<group>";
		};
/* End PBXGroup section */

/* Begin PBXNativeTarget section */
		8595FC492158183F00966E8A /* WakeUpOrRecord */ = {
			isa = PBXNativeTarget;
			buildConfigurationList = 8595FC5F2158184100966E8A /* Build configuration list for PBXNativeTarget "WakeUpOrRecord" */;
			buildPhases = (
				0FED824F23FB7575B2456CFC /* [CP] Check Pods Manifest.lock */,
				8595FC462158183F00966E8A /* Sources */,
				8595FC472158183F00966E8A /* Frameworks */,
				8595FC482158183F00966E8A /* Resources */,
				771F79E36489BC15A7F395A1 /* [CP] Embed Pods Frameworks */,
				D5A72EC85471346A4FB0C2CE /* [CP] Copy Pods Resources */,
			);
			buildRules = (
			);
			dependencies = (
			);
			name = WakeUpOrRecord;
			productName = WakeUpOrRecord;
			productReference = 8595FC4A2158183F00966E8A /* WakeUpOrRecord.app */;
			productType = "com.apple.product-type.application";
		};
/* End PBXNativeTarget section */

/* Begin PBXProject section */
		8595FC422158183F00966E8A /* Project object */ = {
			isa = PBXProject;
			attributes = {
				LastSwiftUpdateCheck = 0940;
				LastUpgradeCheck = 0940;
				ORGANIZATIONNAME = IsseiMori;
				TargetAttributes = {
					8595FC492158183F00966E8A = {
						CreatedOnToolsVersion = 9.4.1;
						LastSwiftMigration = 0940;
					};
				};
			};
			buildConfigurationList = 8595FC452158183F00966E8A /* Build configuration list for PBXProject "WakeUpOrRecord" */;
			compatibilityVersion = "Xcode 9.3";
			developmentRegion = en;
			hasScannedForEncodings = 0;
			knownRegions = (
				en,
				Base,
				ja,
			);
			mainGroup = 8595FC412158183F00966E8A;
			productRefGroup = 8595FC4B2158183F00966E8A /* Products */;
			projectDirPath = "";
			projectRoot = "";
			targets = (
				8595FC492158183F00966E8A /* WakeUpOrRecord */,
			);
		};
/* End PBXProject section */

/* Begin PBXResourcesBuildPhase section */
		8595FC482158183F00966E8A /* Resources */ = {
			isa = PBXResourcesBuildPhase;
			buildActionMask = 2147483647;
			files = (
				8595FC5B2158184100966E8A /* LaunchScreen.storyboard in Resources */,
				8595FC6D215AD57800966E8A /* watch.mp3 in Resources */,
				8595FC7A215B79FF00966E8A /* back.png in Resources */,
				8595FC79215B79FF00966E8A /* back@3x.png in Resources */,
				8595FC6721584C6400966E8A /* dog.mp3 in Resources */,
				8595FC71215B68FF00966E8A /* Localizable.strings in Resources */,
				8595FC582158184100966E8A /* Assets.xcassets in Resources */,
				8595FC7B215B79FF00966E8A /* back@2x.png in Resources */,
				8595FC6521583D4000966E8A /* logologo.png in Resources */,
				8595FC532158183F00966E8A /* Main.storyboard in Resources */,
			);
			runOnlyForDeploymentPostprocessing = 0;
		};
/* End PBXResourcesBuildPhase section */

/* Begin PBXShellScriptBuildPhase section */
		0FED824F23FB7575B2456CFC /* [CP] Check Pods Manifest.lock */ = {
			isa = PBXShellScriptBuildPhase;
			buildActionMask = 2147483647;
			files = (
			);
			inputPaths = (
				"${PODS_PODFILE_DIR_PATH}/Podfile.lock",
				"${PODS_ROOT}/Manifest.lock",
			);
			name = "[CP] Check Pods Manifest.lock";
			outputPaths = (
				"$(DERIVED_FILE_DIR)/Pods-WakeUpOrRecord-checkManifestLockResult.txt",
			);
			runOnlyForDeploymentPostprocessing = 0;
			shellPath = /bin/sh;
			shellScript = "diff \"${PODS_PODFILE_DIR_PATH}/Podfile.lock\" \"${PODS_ROOT}/Manifest.lock\" > /dev/null\nif [ $? != 0 ] ; then\n    # print error to STDERR\n    echo \"error: The sandbox is not in sync with the Podfile.lock. Run 'pod install' or update your CocoaPods installation.\" >&2\n    exit 1\nfi\n# This output is used by Xcode 'outputs' to avoid re-running this script phase.\necho \"SUCCESS\" > \"${SCRIPT_OUTPUT_FILE_0}\"\n";
			showEnvVarsInLog = 0;
		};
		771F79E36489BC15A7F395A1 /* [CP] Embed Pods Frameworks */ = {
			isa = PBXShellScriptBuildPhase;
			buildActionMask = 2147483647;
			files = (
			);
			inputPaths = (
				"${SRCROOT}/Pods/Target Support Files/Pods-WakeUpOrRecord/Pods-WakeUpOrRecord-frameworks.sh",
				"${BUILT_PRODUCTS_DIR}/Eureka/Eureka.framework",
				"${BUILT_PRODUCTS_DIR}/SwiftGifOrigin/SwiftGifOrigin.framework",
				"${PODS_ROOT}/TwitterCore/iOS/TwitterCore.framework",
				"${PODS_ROOT}/TwitterKit/iOS/TwitterKit.framework",
			);
			name = "[CP] Embed Pods Frameworks";
			outputPaths = (
				"${TARGET_BUILD_DIR}/${FRAMEWORKS_FOLDER_PATH}/Eureka.framework",
				"${TARGET_BUILD_DIR}/${FRAMEWORKS_FOLDER_PATH}/SwiftGifOrigin.framework",
				"${TARGET_BUILD_DIR}/${FRAMEWORKS_FOLDER_PATH}/TwitterCore.framework",
				"${TARGET_BUILD_DIR}/${FRAMEWORKS_FOLDER_PATH}/TwitterKit.framework",
			);
			runOnlyForDeploymentPostprocessing = 0;
			shellPath = /bin/sh;
			shellScript = "\"${SRCROOT}/Pods/Target Support Files/Pods-WakeUpOrRecord/Pods-WakeUpOrRecord-frameworks.sh\"\n";
			showEnvVarsInLog = 0;
		};
		D5A72EC85471346A4FB0C2CE /* [CP] Copy Pods Resources */ = {
			isa = PBXShellScriptBuildPhase;
			buildActionMask = 2147483647;
			files = (
			);
			inputPaths = (
				"${SRCROOT}/Pods/Target Support Files/Pods-WakeUpOrRecord/Pods-WakeUpOrRecord-resources.sh",
				"${PODS_ROOT}/TwitterKit/iOS/TwitterKit.framework/TwitterKitResources.bundle",
			);
			name = "[CP] Copy Pods Resources";
			outputPaths = (
				"${TARGET_BUILD_DIR}/${UNLOCALIZED_RESOURCES_FOLDER_PATH}/TwitterKitResources.bundle",
			);
			runOnlyForDeploymentPostprocessing = 0;
			shellPath = /bin/sh;
			shellScript = "\"${SRCROOT}/Pods/Target Support Files/Pods-WakeUpOrRecord/Pods-WakeUpOrRecord-resources.sh\"\n";
			showEnvVarsInLog = 0;
		};
/* End PBXShellScriptBuildPhase section */

/* Begin PBXSourcesBuildPhase section */
		8595FC462158183F00966E8A /* Sources */ = {
			isa = PBXSourcesBuildPhase;
			buildActionMask = 2147483647;
			files = (
				8595FC632158262E00966E8A /* cameraVC.swift in Sources */,
				8595FC562158183F00966E8A /* WakeUpOrRecord.xcdatamodeld in Sources */,
				8595FC6B2158D30200966E8A /* alarmSettingVC.swift in Sources */,
				8595FC4E2158183F00966E8A /* AppDelegate.swift in Sources */,
			);
			runOnlyForDeploymentPostprocessing = 0;
		};
/* End PBXSourcesBuildPhase section */

/* Begin PBXVariantGroup section */
		8595FC512158183F00966E8A /* Main.storyboard */ = {
			isa = PBXVariantGroup;
			children = (
				8595FC522158183F00966E8A /* Base */,
			);
			name = Main.storyboard;
			sourceTree = "<group>";
		};
		8595FC592158184100966E8A /* LaunchScreen.storyboard */ = {
			isa = PBXVariantGroup;
			children = (
				8595FC5A2158184100966E8A /* Base */,
			);
			name = LaunchScreen.storyboard;
			sourceTree = "<group>";
		};
		8595FC73215B68FF00966E8A /* Localizable.strings */ = {
			isa = PBXVariantGroup;
			children = (
				8595FC72215B68FF00966E8A /* en */,
				8595FC74215B693A00966E8A /* ja */,
			);
			name = Localizable.strings;
			sourceTree = "<group>";
		};
/* End PBXVariantGroup section */

/* Begin XCBuildConfiguration section */
		8595FC5D2158184100966E8A /* Debug */ = {
			isa = XCBuildConfiguration;
			buildSettings = {
				ALWAYS_SEARCH_USER_PATHS = NO;
				CLANG_ANALYZER_LOCALIZABILITY_NONLOCALIZED = YES;
				CLANG_ANALYZER_NONNULL = YES;
				CLANG_ANALYZER_NUMBER_OBJECT_CONVERSION = YES_AGGRESSIVE;
				CLANG_CXX_LANGUAGE_STANDARD = "gnu++14";
				CLANG_CXX_LIBRARY = "libc++";
				CLANG_ENABLE_MODULES = YES;
				CLANG_ENABLE_OBJC_ARC = YES;
				CLANG_ENABLE_OBJC_WEAK = YES;
				CLANG_WARN_BLOCK_CAPTURE_AUTORELEASING = YES;
				CLANG_WARN_BOOL_CONVERSION = YES;
				CLANG_WARN_COMMA = YES;
				CLANG_WARN_CONSTANT_CONVERSION = YES;
				CLANG_WARN_DEPRECATED_OBJC_IMPLEMENTATIONS = YES;
				CLANG_WARN_DIRECT_OBJC_ISA_USAGE = YES_ERROR;
				CLANG_WARN_DOCUMENTATION_COMMENTS = YES;
				CLANG_WARN_EMPTY_BODY = YES;
				CLANG_WARN_ENUM_CONVERSION = YES;
				CLANG_WARN_INFINITE_RECURSION = YES;
				CLANG_WARN_INT_CONVERSION = YES;
				CLANG_WARN_NON_LITERAL_NULL_CONVERSION = YES;
				CLANG_WARN_OBJC_IMPLICIT_RETAIN_SELF = YES;
				CLANG_WARN_OBJC_LITERAL_CONVERSION = YES;
				CLANG_WARN_OBJC_ROOT_CLASS = YES_ERROR;
				CLANG_WARN_RANGE_LOOP_ANALYSIS = YES;
				CLANG_WARN_STRICT_PROTOTYPES = YES;
				CLANG_WARN_SUSPICIOUS_MOVE = YES;
				CLANG_WARN_UNGUARDED_AVAILABILITY = YES_AGGRESSIVE;
				CLANG_WARN_UNREACHABLE_CODE = YES;
				CLANG_WARN__DUPLICATE_METHOD_MATCH = YES;
				CODE_SIGN_IDENTITY = "iPhone Developer";
				COPY_PHASE_STRIP = NO;
				DEBUG_INFORMATION_FORMAT = dwarf;
				ENABLE_STRICT_OBJC_MSGSEND = YES;
				ENABLE_TESTABILITY = YES;
				GCC_C_LANGUAGE_STANDARD = gnu11;
				GCC_DYNAMIC_NO_PIC = NO;
				GCC_NO_COMMON_BLOCKS = YES;
				GCC_OPTIMIZATION_LEVEL = 0;
				GCC_PREPROCESSOR_DEFINITIONS = (
					"DEBUG=1",
					"$(inherited)",
				);
				GCC_WARN_64_TO_32_BIT_CONVERSION = YES;
				GCC_WARN_ABOUT_RETURN_TYPE = YES_ERROR;
				GCC_WARN_UNDECLARED_SELECTOR = YES;
				GCC_WARN_UNINITIALIZED_AUTOS = YES_AGGRESSIVE;
				GCC_WARN_UNUSED_FUNCTION = YES;
				GCC_WARN_UNUSED_VARIABLE = YES;
				IPHONEOS_DEPLOYMENT_TARGET = 11.4;
				MTL_ENABLE_DEBUG_INFO = YES;
				ONLY_ACTIVE_ARCH = YES;
				SDKROOT = iphoneos;
				SWIFT_ACTIVE_COMPILATION_CONDITIONS = DEBUG;
				SWIFT_OPTIMIZATION_LEVEL = "-Onone";
			};
			name = Debug;
		};
		8595FC5E2158184100966E8A /* Release */ = {
			isa = XCBuildConfiguration;
			buildSettings = {
				ALWAYS_SEARCH_USER_PATHS = NO;
				CLANG_ANALYZER_LOCALIZABILITY_NONLOCALIZED = YES;
				CLANG_ANALYZER_NONNULL = YES;
				CLANG_ANALYZER_NUMBER_OBJECT_CONVERSION = YES_AGGRESSIVE;
				CLANG_CXX_LANGUAGE_STANDARD = "gnu++14";
				CLANG_CXX_LIBRARY = "libc++";
				CLANG_ENABLE_MODULES = YES;
				CLANG_ENABLE_OBJC_ARC = YES;
				CLANG_ENABLE_OBJC_WEAK = YES;
				CLANG_WARN_BLOCK_CAPTURE_AUTORELEASING = YES;
				CLANG_WARN_BOOL_CONVERSION = YES;
				CLANG_WARN_COMMA = YES;
				CLANG_WARN_CONSTANT_CONVERSION = YES;
				CLANG_WARN_DEPRECATED_OBJC_IMPLEMENTATIONS = YES;
				CLANG_WARN_DIRECT_OBJC_ISA_USAGE = YES_ERROR;
				CLANG_WARN_DOCUMENTATION_COMMENTS = YES;
				CLANG_WARN_EMPTY_BODY = YES;
				CLANG_WARN_ENUM_CONVERSION = YES;
				CLANG_WARN_INFINITE_RECURSION = YES;
				CLANG_WARN_INT_CONVERSION = YES;
				CLANG_WARN_NON_LITERAL_NULL_CONVERSION = YES;
				CLANG_WARN_OBJC_IMPLICIT_RETAIN_SELF = YES;
				CLANG_WARN_OBJC_LITERAL_CONVERSION = YES;
				CLANG_WARN_OBJC_ROOT_CLASS = YES_ERROR;
				CLANG_WARN_RANGE_LOOP_ANALYSIS = YES;
				CLANG_WARN_STRICT_PROTOTYPES = YES;
				CLANG_WARN_SUSPICIOUS_MOVE = YES;
				CLANG_WARN_UNGUARDED_AVAILABILITY = YES_AGGRESSIVE;
				CLANG_WARN_UNREACHABLE_CODE = YES;
				CLANG_WARN__DUPLICATE_METHOD_MATCH = YES;
				CODE_SIGN_IDENTITY = "iPhone Developer";
				COPY_PHASE_STRIP = NO;
				DEBUG_INFORMATION_FORMAT = "dwarf-with-dsym";
				ENABLE_NS_ASSERTIONS = NO;
				ENABLE_STRICT_OBJC_MSGSEND = YES;
				GCC_C_LANGUAGE_STANDARD = gnu11;
				GCC_NO_COMMON_BLOCKS = YES;
				GCC_WARN_64_TO_32_BIT_CONVERSION = YES;
				GCC_WARN_ABOUT_RETURN_TYPE = YES_ERROR;
				GCC_WARN_UNDECLARED_SELECTOR = YES;
				GCC_WARN_UNINITIALIZED_AUTOS = YES_AGGRESSIVE;
				GCC_WARN_UNUSED_FUNCTION = YES;
				GCC_WARN_UNUSED_VARIABLE = YES;
				IPHONEOS_DEPLOYMENT_TARGET = 11.4;
				MTL_ENABLE_DEBUG_INFO = NO;
				SDKROOT = iphoneos;
				SWIFT_COMPILATION_MODE = wholemodule;
				SWIFT_OPTIMIZATION_LEVEL = "-O";
				VALIDATE_PRODUCT = YES;
			};
			name = Release;
		};
		8595FC602158184100966E8A /* Debug */ = {
			isa = XCBuildConfiguration;
			baseConfigurationReference = 8952944B4A54F4A55DEBFE88 /* Pods-WakeUpOrRecord.debug.xcconfig */;
			buildSettings = {
				ASSETCATALOG_COMPILER_APPICON_NAME = AppIcon;
				CLANG_ENABLE_MODULES = YES;
				CODE_SIGN_STYLE = Automatic;
				DEVELOPMENT_TEAM = 277D2PK394;
				INFOPLIST_FILE = WakeUpOrRecord/Info.plist;
				LD_RUNPATH_SEARCH_PATHS = (
					"$(inherited)",
					"@executable_path/Frameworks",
				);
				PRODUCT_BUNDLE_IDENTIFIER = com.issei.WakeUpOrRecord;
				PRODUCT_NAME = "$(TARGET_NAME)";
				SWIFT_OBJC_BRIDGING_HEADER = "WakeUpOrRecord-Bridging-Header.h";
				SWIFT_OPTIMIZATION_LEVEL = "-Onone";
				SWIFT_VERSION = 4.0;
				TARGETED_DEVICE_FAMILY = "1,2";
			};
			name = Debug;
		};
		8595FC612158184100966E8A /* Release */ = {
			isa = XCBuildConfiguration;
			baseConfigurationReference = BD763AE8BBE96653A354B946 /* Pods-WakeUpOrRecord.release.xcconfig */;
			buildSettings = {
				ASSETCATALOG_COMPILER_APPICON_NAME = AppIcon;
				CLANG_ENABLE_MODULES = YES;
				CODE_SIGN_STYLE = Automatic;
				DEVELOPMENT_TEAM = 277D2PK394;
				INFOPLIST_FILE = WakeUpOrRecord/Info.plist;
				LD_RUNPATH_SEARCH_PATHS = (
					"$(inherited)",
					"@executable_path/Frameworks",
				);
				PRODUCT_BUNDLE_IDENTIFIER = com.issei.WakeUpOrRecord;
				PRODUCT_NAME = "$(TARGET_NAME)";
				SWIFT_OBJC_BRIDGING_HEADER = "WakeUpOrRecord-Bridging-Header.h";
				SWIFT_VERSION = 4.0;
				TARGETED_DEVICE_FAMILY = "1,2";
			};
			name = Release;
		};
/* End XCBuildConfiguration section */

/* Begin XCConfigurationList section */
		8595FC452158183F00966E8A /* Build configuration list for PBXProject "WakeUpOrRecord" */ = {
			isa = XCConfigurationList;
			buildConfigurations = (
				8595FC5D2158184100966E8A /* Debug */,
				8595FC5E2158184100966E8A /* Release */,
			);
			defaultConfigurationIsVisible = 0;
			defaultConfigurationName = Release;
		};
		8595FC5F2158184100966E8A /* Build configuration list for PBXNativeTarget "WakeUpOrRecord" */ = {
			isa = XCConfigurationList;
			buildConfigurations = (
				8595FC602158184100966E8A /* Debug */,
				8595FC612158184100966E8A /* Release */,
			);
			defaultConfigurationIsVisible = 0;
			defaultConfigurationName = Release;
		};
/* End XCConfigurationList section */

/* Begin XCVersionGroup section */
		8595FC542158183F00966E8A /* WakeUpOrRecord.xcdatamodeld */ = {
			isa = XCVersionGroup;
			children = (
				8595FC552158183F00966E8A /* WakeUpOrRecord.xcdatamodel */,
			);
			currentVersion = 8595FC552158183F00966E8A /* WakeUpOrRecord.xcdatamodel */;
			path = WakeUpOrRecord.xcdatamodeld;
			sourceTree = "<group>";
			versionGroupType = wrapper.xcdatamodel;
		};
/* End XCVersionGroup section */
	};
	rootObject = 8595FC422158183F00966E8A /* Project object */;
}
